// !$*UTF8*$!
{
	archiveVersion = 1;
	classes = {
	};
	objectVersion = 48;
	objects = {

/* Begin PBXBuildFile section */
		B3C59F5A1FE1B58C00AA3DA3 /* AppDelegate.m in Sources */ = {isa = PBXBuildFile; fileRef = B3C59F591FE1B58C00AA3DA3 /* AppDelegate.m */; };
		B3C59F5D1FE1B58C00AA3DA3 /* ViewController.m in Sources */ = {isa = PBXBuildFile; fileRef = B3C59F5C1FE1B58C00AA3DA3 /* ViewController.m */; };
		B3C59F601FE1B58C00AA3DA3 /* Main.storyboard in Resources */ = {isa = PBXBuildFile; fileRef = B3C59F5E1FE1B58C00AA3DA3 /* Main.storyboard */; };
		B3C59F621FE1B58C00AA3DA3 /* Assets.xcassets in Resources */ = {isa = PBXBuildFile; fileRef = B3C59F611FE1B58C00AA3DA3 /* Assets.xcassets */; };
		B3C59F651FE1B58C00AA3DA3 /* LaunchScreen.storyboard in Resources */ = {isa = PBXBuildFile; fileRef = B3C59F631FE1B58C00AA3DA3 /* LaunchScreen.storyboard */; };
		B3C59F681FE1B58C00AA3DA3 /* main.m in Sources */ = {isa = PBXBuildFile; fileRef = B3C59F671FE1B58C00AA3DA3 /* main.m */; };
		B3C59F701FE1B9D500AA3DA3 /* KIPatient.m in Sources */ = {isa = PBXBuildFile; fileRef = B3C59F6F1FE1B9D500AA3DA3 /* KIPatient.m */; };
		B3C59F731FE1B9F000AA3DA3 /* KIDoctor.m in Sources */ = {isa = PBXBuildFile; fileRef = B3C59F721FE1B9F000AA3DA3 /* KIDoctor.m */; };
		B3C903561FE84A490039DD00 /* KIDoctorsFriend.m in Sources */ = {isa = PBXBuildFile; fileRef = B3C903551FE84A490039DD00 /* KIDoctorsFriend.m */; };
/* End PBXBuildFile section */

/* Begin PBXFileReference section */
		B3C59F551FE1B58C00AA3DA3 /* DelegatesHW.app */ = {isa = PBXFileReference; explicitFileType = wrapper.application; includeInIndex = 0; path = DelegatesHW.app; sourceTree = BUILT_PRODUCTS_DIR; };
		B3C59F581FE1B58C00AA3DA3 /* AppDelegate.h */ = {isa = PBXFileReference; lastKnownFileType = sourcecode.c.h; path = AppDelegate.h; sourceTree = "<group>"; };
		B3C59F591FE1B58C00AA3DA3 /* AppDelegate.m */ = {isa = PBXFileReference; lastKnownFileType = sourcecode.c.objc; path = AppDelegate.m; sourceTree = "<group>"; };
		B3C59F5B1FE1B58C00AA3DA3 /* ViewController.h */ = {isa = PBXFileReference; lastKnownFileType = sourcecode.c.h; path = ViewController.h; sourceTree = "<group>"; };
		B3C59F5C1FE1B58C00AA3DA3 /* ViewController.m */ = {isa = PBXFileReference; lastKnownFileType = sourcecode.c.objc; path = ViewController.m; sourceTree = "<group>"; };
		B3C59F5F1FE1B58C00AA3DA3 /* Base */ = {isa = PBXFileReference; lastKnownFileType = file.storyboard; name = Base; path = Base.lproj/Main.storyboard; sourceTree = "<group>"; };
		B3C59F611FE1B58C00AA3DA3 /* Assets.xcassets */ = {isa = PBXFileReference; lastKnownFileType = folder.assetcatalog; path = Assets.xcassets; sourceTree = "<group>"; };
		B3C59F641FE1B58C00AA3DA3 /* Base */ = {isa = PBXFileReference; lastKnownFileType = file.storyboard; name = Base; path = Base.lproj/LaunchScreen.storyboard; sourceTree = "<group>"; };
		B3C59F661FE1B58C00AA3DA3 /* Info.plist */ = {isa = PBXFileReference; lastKnownFileType = text.plist.xml; path = Info.plist; sourceTree = "<group>"; };
		B3C59F671FE1B58C00AA3DA3 /* main.m */ = {isa = PBXFileReference; lastKnownFileType = sourcecode.c.objc; path = main.m; sourceTree = "<group>"; };
		B3C59F6E1FE1B9D500AA3DA3 /* KIPatient.h */ = {isa = PBXFileReference; lastKnownFileType = sourcecode.c.h; path = KIPatient.h; sourceTree = "<group>"; };
		B3C59F6F1FE1B9D500AA3DA3 /* KIPatient.m */ = {isa = PBXFileReference; lastKnownFileType = sourcecode.c.objc; path = KIPatient.m; sourceTree = "<group>"; };
		B3C59F711FE1B9EF00AA3DA3 /* KIDoctor.h */ = {isa = PBXFileReference; lastKnownFileType = sourcecode.c.h; path = KIDoctor.h; sourceTree = "<group>"; };
		B3C59F721FE1B9F000AA3DA3 /* KIDoctor.m */ = {isa = PBXFileReference; lastKnownFileType = sourcecode.c.objc; path = KIDoctor.m; sourceTree = "<group>"; };
		B3C903541FE84A490039DD00 /* KIDoctorsFriend.h */ = {isa = PBXFileReference; lastKnownFileType = sourcecode.c.h; path = KIDoctorsFriend.h; sourceTree = "<group>"; };
		B3C903551FE84A490039DD00 /* KIDoctorsFriend.m */ = {isa = PBXFileReference; lastKnownFileType = sourcecode.c.objc; path = KIDoctorsFriend.m; sourceTree = "<group>"; };
/* End PBXFileReference section */

/* Begin PBXFrameworksBuildPhase section */
		B3C59F521FE1B58C00AA3DA3 /* Frameworks */ = {
			isa = PBXFrameworksBuildPhase;
			buildActionMask = 2147483647;
			files = (
			);
			runOnlyForDeploymentPostprocessing = 0;
		};
/* End PBXFrameworksBuildPhase section */

/* Begin PBXGroup section */
		B3C59F4C1FE1B58C00AA3DA3 = {
			isa = PBXGroup;
			children = (
				B3C59F571FE1B58C00AA3DA3 /* DelegatesHW */,
				B3C59F561FE1B58C00AA3DA3 /* Products */,
			);
			sourceTree = "<group>";
		};
		B3C59F561FE1B58C00AA3DA3 /* Products */ = {
			isa = PBXGroup;
			children = (
				B3C59F551FE1B58C00AA3DA3 /* DelegatesHW.app */,
			);
			name = Products;
			sourceTree = "<group>";
		};
		B3C59F571FE1B58C00AA3DA3 /* DelegatesHW */ = {
			isa = PBXGroup;
			children = (
				B3C59F751FE1BA2F00AA3DA3 /* Patient */,
				B3C59F741FE1BA1B00AA3DA3 /* Doctor */,
				B3C59F581FE1B58C00AA3DA3 /* AppDelegate.h */,
				B3C59F591FE1B58C00AA3DA3 /* AppDelegate.m */,
				B3C59F5B1FE1B58C00AA3DA3 /* ViewController.h */,
				B3C59F5C1FE1B58C00AA3DA3 /* ViewController.m */,
				B3C59F5E1FE1B58C00AA3DA3 /* Main.storyboard */,
				B3C59F611FE1B58C00AA3DA3 /* Assets.xcassets */,
				B3C59F631FE1B58C00AA3DA3 /* LaunchScreen.storyboard */,
				B3C59F661FE1B58C00AA3DA3 /* Info.plist */,
				B3C59F671FE1B58C00AA3DA3 /* main.m */,
			);
			path = DelegatesHW;
			sourceTree = "<group>";
		};
		B3C59F741FE1BA1B00AA3DA3 /* Doctor */ = {
			isa = PBXGroup;
			children = (
				B3C59F721FE1B9F000AA3DA3 /* KIDoctor.m */,
				B3C59F711FE1B9EF00AA3DA3 /* KIDoctor.h */,
				B3C903541FE84A490039DD00 /* KIDoctorsFriend.h */,
				B3C903551FE84A490039DD00 /* KIDoctorsFriend.m */,
			);
			path = Doctor;
			sourceTree = "<group>";
		};
		B3C59F751FE1BA2F00AA3DA3 /* Patient */ = {
			isa = PBXGroup;
			children = (
				B3C59F6F1FE1B9D500AA3DA3 /* KIPatient.m */,
				B3C59F6E1FE1B9D500AA3DA3 /* KIPatient.h */,
			);
			path = Patient;
			sourceTree = "<group>";
		};
/* End PBXGroup section */

/* Begin PBXNativeTarget section */
		B3C59F541FE1B58C00AA3DA3 /* DelegatesHW */ = {
			isa = PBXNativeTarget;
			buildConfigurationList = B3C59F6B1FE1B58C00AA3DA3 /* Build configuration list for PBXNativeTarget "DelegatesHW" */;
			buildPhases = (
				B3C59F511FE1B58C00AA3DA3 /* Sources */,
				B3C59F521FE1B58C00AA3DA3 /* Frameworks */,
				B3C59F531FE1B58C00AA3DA3 /* Resources */,
			);
			buildRules = (
			);
			dependencies = (
			);
			name = DelegatesHW;
			productName = DelegatesHW;
			productReference = B3C59F551FE1B58C00AA3DA3 /* DelegatesHW.app */;
			productType = "com.apple.product-type.application";
		};
/* End PBXNativeTarget section */

/* Begin PBXProject section */
		B3C59F4D1FE1B58C00AA3DA3 /* Project object */ = {
			isa = PBXProject;
			attributes = {
				LastUpgradeCheck = 0910;
				ORGANIZATIONNAME = n1ke71;
				TargetAttributes = {
					B3C59F541FE1B58C00AA3DA3 = {
						CreatedOnToolsVersion = 9.1;
						ProvisioningStyle = Automatic;
					};
				};
			};
			buildConfigurationList = B3C59F501FE1B58C00AA3DA3 /* Build configuration list for PBXProject "DelegatesHW" */;
			compatibilityVersion = "Xcode 8.0";
			developmentRegion = en;
			hasScannedForEncodings = 0;
			knownRegions = (
				en,
				Base,
			);
			mainGroup = B3C59F4C1FE1B58C00AA3DA3;
			productRefGroup = B3C59F561FE1B58C00AA3DA3 /* Products */;
			projectDirPath = "";
			projectRoot = "";
			targets = (
				B3C59F541FE1B58C00AA3DA3 /* DelegatesHW */,
			);
		};
/* End PBXProject section */

/* Begin PBXResourcesBuildPhase section */
		B3C59F531FE1B58C00AA3DA3 /* Resources */ = {
			isa = PBXResourcesBuildPhase;
			buildActionMask = 2147483647;
			files = (
				B3C59F651FE1B58C00AA3DA3 /* LaunchScreen.storyboard in Resources */,
				B3C59F621FE1B58C00AA3DA3 /* Assets.xcassets in Resources */,
				B3C59F601FE1B58C00AA3DA3 /* Main.storyboard in Resources */,
			);
			runOnlyForDeploymentPostprocessing = 0;
		};
/* End PBXResourcesBuildPhase section */

/* Begin PBXSourcesBuildPhase section */
		B3C59F511FE1B58C00AA3DA3 /* Sources */ = {
			isa = PBXSourcesBuildPhase;
			buildActionMask = 2147483647;
			files = (
				B3C59F731FE1B9F000AA3DA3 /* KIDoctor.m in Sources */,
				B3C59F5D1FE1B58C00AA3DA3 /* ViewController.m in Sources */,
				B3C59F681FE1B58C00AA3DA3 /* main.m in Sources */,
				B3C59F5A1FE1B58C00AA3DA3 /* AppDelegate.m in Sources */,
				B3C903561FE84A490039DD00 /* KIDoctorsFriend.m in Sources */,
				B3C59F701FE1B9D500AA3DA3 /* KIPatient.m in Sources */,
			);
			runOnlyForDeploymentPostprocessing = 0;
		};
/* End PBXSourcesBuildPhase section */

/* Begin PBXVariantGroup section */
		B3C59F5E1FE1B58C00AA3DA3 /* Main.storyboard */ = {
			isa = PBXVariantGroup;
			children = (
				B3C59F5F1FE1B58C00AA3DA3 /* Base */,
			);
			name = Main.storyboard;
			sourceTree = "<group>";
		};
		B3C59F631FE1B58C00AA3DA3 /* LaunchScreen.storyboard */ = {
			isa = PBXVariantGroup;
			children = (
				B3C59F641FE1B58C00AA3DA3 /* Base */,
			);
			name = LaunchScreen.storyboard;
			sourceTree = "<group>";
		};
/* End PBXVariantGroup section */

/* Begin XCBuildConfiguration section */
		B3C59F691FE1B58C00AA3DA3 /* Debug */ = {
			isa = XCBuildConfiguration;
			buildSettings = {
				ALWAYS_SEARCH_USER_PATHS = NO;
				CLANG_ANALYZER_NONNULL = YES;
				CLANG_ANALYZER_NUMBER_OBJECT_CONVERSION = YES_AGGRESSIVE;
				CLANG_CXX_LANGUAGE_STANDARD = "gnu++14";
				CLANG_CXX_LIBRARY = "libc++";
				CLANG_ENABLE_MODULES = YES;
				CLANG_ENABLE_OBJC_ARC = YES;
				CLANG_WARN_BLOCK_CAPTURE_AUTORELEASING = YES;
				CLANG_WARN_BOOL_CONVERSION = YES;
				CLANG_WARN_COMMA = YES;
				CLANG_WARN_CONSTANT_CONVERSION = YES;
				CLANG_WARN_DIRECT_OBJC_ISA_USAGE = YES_ERROR;
				CLANG_WARN_DOCUMENTATION_COMMENTS = YES;
				CLANG_WARN_EMPTY_BODY = YES;
				CLANG_WARN_ENUM_CONVERSION = YES;
				CLANG_WARN_INFINITE_RECURSION = YES;
				CLANG_WARN_INT_CONVERSION = YES;
				CLANG_WARN_NON_LITERAL_NULL_CONVERSION = YES;
				CLANG_WARN_OBJC_LITERAL_CONVERSION = YES;
				CLANG_WARN_OBJC_ROOT_CLASS = YES_ERROR;
				CLANG_WARN_RANGE_LOOP_ANALYSIS = YES;
				CLANG_WARN_STRICT_PROTOTYPES = YES;
				CLANG_WARN_SUSPICIOUS_MOVE = YES;
				CLANG_WARN_UNGUARDED_AVAILABILITY = YES_AGGRESSIVE;
				CLANG_WARN_UNREACHABLE_CODE = YES;
				CLANG_WARN__DUPLICATE_METHOD_MATCH = YES;
				CODE_SIGN_IDENTITY = "iPhone Developer";
				COPY_PHASE_STRIP = NO;
				DEBUG_INFORMATION_FORMAT = dwarf;
				ENABLE_STRICT_OBJC_MSGSEND = YES;
				ENABLE_TESTABILITY = YES;
				GCC_C_LANGUAGE_STANDARD = gnu11;
				GCC_DYNAMIC_NO_PIC = NO;
				GCC_NO_COMMON_BLOCKS = YES;
				GCC_OPTIMIZATION_LEVEL = 0;
				GCC_PREPROCESSOR_DEFINITIONS = (
					"DEBUG=1",
					"$(inherited)",
				);
				GCC_WARN_64_TO_32_BIT_CONVERSION = YES;
				GCC_WARN_ABOUT_RETURN_TYPE = YES_ERROR;
				GCC_WARN_UNDECLARED_SELECTOR = YES;
				GCC_WARN_UNINITIALIZED_AUTOS = YES_AGGRESSIVE;
				GCC_WARN_UNUSED_FUNCTION = YES;
				GCC_WARN_UNUSED_VARIABLE = YES;
				IPHONEOS_DEPLOYMENT_TARGET = 11.1;
				MTL_ENABLE_DEBUG_INFO = YES;
				ONLY_ACTIVE_ARCH = YES;
				SDKROOT = iphoneos;
			};
			name = Debug;
		};
		B3C59F6A1FE1B58C00AA3DA3 /* Release */ = {
			isa = XCBuildConfiguration;
			buildSettings = {
				ALWAYS_SEARCH_USER_PATHS = NO;
				CLANG_ANALYZER_NONNULL = YES;
				CLANG_ANALYZER_NUMBER_OBJECT_CONVERSION = YES_AGGRESSIVE;
				CLANG_CXX_LANGUAGE_STANDARD = "gnu++14";
				CLANG_CXX_LIBRARY = "libc++";
				CLANG_ENABLE_MODULES = YES;
				CLANG_ENABLE_OBJC_ARC = YES;
				CLANG_WARN_BLOCK_CAPTURE_AUTORELEASING = YES;
				CLANG_WARN_BOOL_CONVERSION = YES;
				CLANG_WARN_COMMA = YES;
				CLANG_WARN_CONSTANT_CONVERSION = YES;
				CLANG_WARN_DIRECT_OBJC_ISA_USAGE = YES_ERROR;
				CLANG_WARN_DOCUMENTATION_COMMENTS = YES;
				CLANG_WARN_EMPTY_BODY = YES;
				CLANG_WARN_ENUM_CONVERSION = YES;
				CLANG_WARN_INFINITE_RECURSION = YES;
				CLANG_WARN_INT_CONVERSION = YES;
				CLANG_WARN_NON_LITERAL_NULL_CONVERSION = YES;
				CLANG_WARN_OBJC_LITERAL_CONVERSION = YES;
				CLANG_WARN_OBJC_ROOT_CLASS = YES_ERROR;
				CLANG_WARN_RANGE_LOOP_ANALYSIS = YES;
				CLANG_WARN_STRICT_PROTOTYPES = YES;
				CLANG_WARN_SUSPICIOUS_MOVE = YES;
				CLANG_WARN_UNGUARDED_AVAILABILITY = YES_AGGRESSIVE;
				CLANG_WARN_UNREACHABLE_CODE = YES;
				CLANG_WARN__DUPLICATE_METHOD_MATCH = YES;
				CODE_SIGN_IDENTITY = "iPhone Developer";
				COPY_PHASE_STRIP = NO;
				DEBUG_INFORMATION_FORMAT = "dwarf-with-dsym";
				ENABLE_NS_ASSERTIONS = NO;
				ENABLE_STRICT_OBJC_MSGSEND = YES;
				GCC_C_LANGUAGE_STANDARD = gnu11;
				GCC_NO_COMMON_BLOCKS = YES;
				GCC_WARN_64_TO_32_BIT_CONVERSION = YES;
				GCC_WARN_ABOUT_RETURN_TYPE = YES_ERROR;
				GCC_WARN_UNDECLARED_SELECTOR = YES;
				GCC_WARN_UNINITIALIZED_AUTOS = YES_AGGRESSIVE;
				GCC_WARN_UNUSED_FUNCTION = YES;
				GCC_WARN_UNUSED_VARIABLE = YES;
				IPHONEOS_DEPLOYMENT_TARGET = 11.1;
				MTL_ENABLE_DEBUG_INFO = NO;
				SDKROOT = iphoneos;
				VALIDATE_PRODUCT = YES;
			};
			name = Release;
		};
		B3C59F6C1FE1B58C00AA3DA3 /* Debug */ = {
			isa = XCBuildConfiguration;
			buildSettings = {
				ASSETCATALOG_COMPILER_APPICON_NAME = AppIcon;
				CODE_SIGN_STYLE = Automatic;
				INFOPLIST_FILE = DelegatesHW/Info.plist;
				LD_RUNPATH_SEARCH_PATHS = "$(inherited) @executable_path/Frameworks";
				PRODUCT_BUNDLE_IDENTIFIER = n1ke71.DelegatesHW;
				PRODUCT_NAME = "$(TARGET_NAME)";
				TARGETED_DEVICE_FAMILY = "1,2";
			};
			name = Debug;
		};
		B3C59F6D1FE1B58C00AA3DA3 /* Release */ = {
			isa = XCBuildConfiguration;
			buildSettings = {
				ASSETCATALOG_COMPILER_APPICON_NAME = AppIcon;
				CODE_SIGN_STYLE = Automatic;
				INFOPLIST_FILE = DelegatesHW/Info.plist;
				LD_RUNPATH_SEARCH_PATHS = "$(inherited) @executable_path/Frameworks";
				PRODUCT_BUNDLE_IDENTIFIER = n1ke71.DelegatesHW;
				PRODUCT_NAME = "$(TARGET_NAME)";
				TARGETED_DEVICE_FAMILY = "1,2";
			};
			name = Release;
		};
/* End XCBuildConfiguration section */

/* Begin XCConfigurationList section */
		B3C59F501FE1B58C00AA3DA3 /* Build configuration list for PBXProject "DelegatesHW" */ = {
			isa = XCConfigurationList;
			buildConfigurations = (
				B3C59F691FE1B58C00AA3DA3 /* Debug */,
				B3C59F6A1FE1B58C00AA3DA3 /* Release */,
			);
			defaultConfigurationIsVisible = 0;
			defaultConfigurationName = Release;
		};
		B3C59F6B1FE1B58C00AA3DA3 /* Build configuration list for PBXNativeTarget "DelegatesHW" */ = {
			isa = XCConfigurationList;
			buildConfigurations = (
				B3C59F6C1FE1B58C00AA3DA3 /* Debug */,
				B3C59F6D1FE1B58C00AA3DA3 /* Release */,
			);
			defaultConfigurationIsVisible = 0;
			defaultConfigurationName = Release;
		};
/* End XCConfigurationList section */
	};
	rootObject = B3C59F4D1FE1B58C00AA3DA3 /* Project object */;
}
